
Microsoft Visual Studio Solution File, Format Version 12.00
# Visual Studio 2015
Project("{FAE04EC0-301F-11D3-BF4B-00C04F79EFBC}") = "MirrorMirrorOnTheWall.Plugins", "MirrorMirrorOnTheWall.Plugins.csproj", "{A30213FC-3AFE-808E-B32D-6EE06CDC6BE6}"
EndProject
Project("{FAE04EC0-301F-11D3-BF4B-00C04F79EFBC}") = "MirrorMirrorOnTheWall", "MirrorMirrorOnTheWall.csproj", "{A51E7055-D3C4-CED1-BD19-4CC92D9D0EFA}"
EndProject
Project("{FAE04EC0-301F-11D3-BF4B-00C04F79EFBC}") = "MirrorMirrorOnTheWall.Editor.Plugins", "MirrorMirrorOnTheWall.Editor.Plugins.csproj", "{4E104F8E-7D0E-6101-BFE9-ABBEFAA8EFA9}"
EndProject
Global
	GlobalSection(SolutionConfigurationPlatforms) = preSolution
		Debug|Any CPU = Debug|Any CPU
		Release|Any CPU = Release|Any CPU
	EndGlobalSection
	GlobalSection(ProjectConfigurationPlatforms) = postSolution
		{A30213FC-3AFE-808E-B32D-6EE06CDC6BE6}.Debug|Any CPU.ActiveCfg = Debug|Any CPU
		{A30213FC-3AFE-808E-B32D-6EE06CDC6BE6}.Debug|Any CPU.Build.0 = Debug|Any CPU
		{A30213FC-3AFE-808E-B32D-6EE06CDC6BE6}.Release|Any CPU.ActiveCfg = Release|Any CPU
		{A30213FC-3AFE-808E-B32D-6EE06CDC6BE6}.Release|Any CPU.Build.0 = Release|Any CPU
		{A51E7055-D3C4-CED1-BD19-4CC92D9D0EFA}.Debug|Any CPU.ActiveCfg = Debug|Any CPU
		{A51E7055-D3C4-CED1-BD19-4CC92D9D0EFA}.Debug|Any CPU.Build.0 = Debug|Any CPU
		{A51E7055-D3C4-CED1-BD19-4CC92D9D0EFA}.Release|Any CPU.ActiveCfg = Release|Any CPU
		{A51E7055-D3C4-CED1-BD19-4CC92D9D0EFA}.Release|Any CPU.Build.0 = Release|Any CPU
		{4E104F8E-7D0E-6101-BFE9-ABBEFAA8EFA9}.Debug|Any CPU.ActiveCfg = Debug|Any CPU
		{4E104F8E-7D0E-6101-BFE9-ABBEFAA8EFA9}.Debug|Any CPU.Build.0 = Debug|Any CPU
		{4E104F8E-7D0E-6101-BFE9-ABBEFAA8EFA9}.Release|Any CPU.ActiveCfg = Release|Any CPU
		{4E104F8E-7D0E-6101-BFE9-ABBEFAA8EFA9}.Release|Any CPU.Build.0 = Release|Any CPU
	EndGlobalSection
	GlobalSection(SolutionProperties) = preSolution
		HideSolutionNode = FALSE
	EndGlobalSection
EndGlobal
